
Microsoft Visual Studio Solution File, Format Version 12.00
# Visual Studio Version 16
VisualStudioVersion = 16.0.31025.194
MinimumVisualStudioVersion = 10.0.40219.1
Project("{FAE04EC0-301F-11D3-BF4B-00C04F79EFBC}") = "Petinder_PWA.Server", "Petinder_PWA\Server\Petinder_PWA.Server.csproj", "{D67B8285-97A3-4EF1-998A-3D88811DBA91}"
EndProject
Project("{FAE04EC0-301F-11D3-BF4B-00C04F79EFBC}") = "Petinder_PWA.Client", "Petinder_PWA\Client\Petinder_PWA.Client.csproj", "{51E815BC-C896-47C9-B067-822E879CB9FE}"
EndProject
Project("{FAE04EC0-301F-11D3-BF4B-00C04F79EFBC}") = "Petinder_PWA.Shared", "Petinder_PWA\Shared\Petinder_PWA.Shared.csproj", "{39166A62-FE93-40F1-BB6C-91F08CD9334E}"
EndProject
Global
	GlobalSection(SolutionConfigurationPlatforms) = preSolution
		Debug|Any CPU = Debug|Any CPU
		Release|Any CPU = Release|Any CPU
	EndGlobalSection
	GlobalSection(ProjectConfigurationPlatforms) = postSolution
		{D67B8285-97A3-4EF1-998A-3D88811DBA91}.Debug|Any CPU.ActiveCfg = Debug|Any CPU
		{D67B8285-97A3-4EF1-998A-3D88811DBA91}.Debug|Any CPU.Build.0 = Debug|Any CPU
		{D67B8285-97A3-4EF1-998A-3D88811DBA91}.Release|Any CPU.ActiveCfg = Release|Any CPU
		{D67B8285-97A3-4EF1-998A-3D88811DBA91}.Release|Any CPU.Build.0 = Release|Any CPU
		{51E815BC-C896-47C9-B067-822E879CB9FE}.Debug|Any CPU.ActiveCfg = Debug|Any CPU
		{51E815BC-C896-47C9-B067-822E879CB9FE}.Debug|Any CPU.Build.0 = Debug|Any CPU
		{51E815BC-C896-47C9-B067-822E879CB9FE}.Release|Any CPU.ActiveCfg = Release|Any CPU
		{51E815BC-C896-47C9-B067-822E879CB9FE}.Release|Any CPU.Build.0 = Release|Any CPU
		{39166A62-FE93-40F1-BB6C-91F08CD9334E}.Debug|Any CPU.ActiveCfg = Debug|Any CPU
		{39166A62-FE93-40F1-BB6C-91F08CD9334E}.Debug|Any CPU.Build.0 = Debug|Any CPU
		{39166A62-FE93-40F1-BB6C-91F08CD9334E}.Release|Any CPU.ActiveCfg = Release|Any CPU
		{39166A62-FE93-40F1-BB6C-91F08CD9334E}.Release|Any CPU.Build.0 = Release|Any CPU
	EndGlobalSection
	GlobalSection(SolutionProperties) = preSolution
		HideSolutionNode = FALSE
	EndGlobalSection
	GlobalSection(ExtensibilityGlobals) = postSolution
		SolutionGuid = {EE7C2FC6-75A3-4A63-AE8B-EFD38F09172B}
	EndGlobalSection
EndGlobal
